<?xml version="1.0" encoding="utf-8"?>
<Project ToolsVersion="4.0" xmlns="http://schemas.microsoft.com/developer/msbuild/2003">
  <ItemGroup>
    <ClInclude Include="AcceleratedAdamOptimizer.h" />
    <ClInclude Include="AcceleratedMLP.h" />
    <ClInclude Include="helpers.h" />
    <ClInclude Include="AcceleratedMipNeRF.h" />
    <ClInclude Include="AcceleratedGradientCalculator.h" />
    <ClInclude Include="OutputRetriever.h" />
  </ItemGroup>
  <ItemGroup>
    <ClCompile Include="AcceleratedAdamOptimizer.cpp" />
    <ClCompile Include="AcceleratedMLP.cpp" />
    <ClCompile Include="helpers.cpp" />
    <ClCompile Include="AcceleratedMipNeRF.cpp" />
    <ClCompile Include="AcceleratedGradientCalculator.cpp" />
    <ClCompile Include="OutputRetriever.cpp" />
  </ItemGroup>
  <ItemGroup>
    <CudaCompile Include="accelerated_functions.cu" />
  </ItemGroup>
</Project>